// !$*UTF8*$!
{
	archiveVersion = 1;
	classes = {
	};
	objectVersion = 46;
	objects = {

/* Begin PBXBuildFile section */
		4AEBEABE1D4B500F00465337 /* LoginViewController.swift in Sources */ = {isa = PBXBuildFile; fileRef = 4AEBEABD1D4B500F00465337 /* LoginViewController.swift */; };
		4AFDB68D1D48A1A2002B1C23 /* AppDelegate.swift in Sources */ = {isa = PBXBuildFile; fileRef = 4AFDB68C1D48A1A2002B1C23 /* AppDelegate.swift */; };
		4AFDB68F1D48A1A2002B1C23 /* ViewController.swift in Sources */ = {isa = PBXBuildFile; fileRef = 4AFDB68E1D48A1A2002B1C23 /* ViewController.swift */; };
		4AFDB6921D48A1A2002B1C23 /* Main.storyboard in Resources */ = {isa = PBXBuildFile; fileRef = 4AFDB6901D48A1A2002B1C23 /* Main.storyboard */; };
		4AFDB6941D48A1A2002B1C23 /* Assets.xcassets in Resources */ = {isa = PBXBuildFile; fileRef = 4AFDB6931D48A1A2002B1C23 /* Assets.xcassets */; };
		4AFDB6971D48A1A2002B1C23 /* LaunchScreen.storyboard in Resources */ = {isa = PBXBuildFile; fileRef = 4AFDB6951D48A1A2002B1C23 /* LaunchScreen.storyboard */; };
		559D36A51D48B781009276EA /* test.swift in Sources */ = {isa = PBXBuildFile; fileRef = 559D36A41D48B781009276EA /* test.swift */; };
		59C6D46E05CD06AD00F080E4 /* Pods_smc.framework in Frameworks */ = {isa = PBXBuildFile; fileRef = 089AC0BB6CC9A5AD6C9A619B /* Pods_smc.framework */; };
/* End PBXBuildFile section */

/* Begin PBXFileReference section */
		089AC0BB6CC9A5AD6C9A619B /* Pods_smc.framework */ = {isa = PBXFileReference; explicitFileType = wrapper.framework; includeInIndex = 0; path = Pods_smc.framework; sourceTree = BUILT_PRODUCTS_DIR; };
		26DB52E09987A3C9BA9BBE4B /* Pods-smc.release.xcconfig */ = {isa = PBXFileReference; includeInIndex = 1; lastKnownFileType = text.xcconfig; name = "Pods-smc.release.xcconfig"; path = "Pods/Target Support Files/Pods-smc/Pods-smc.release.xcconfig"; sourceTree = "<group>"; };
		4AEBEABD1D4B500F00465337 /* LoginViewController.swift */ = {isa = PBXFileReference; fileEncoding = 4; lastKnownFileType = sourcecode.swift; path = LoginViewController.swift; sourceTree = "<group>"; };
		4AFDB6891D48A1A2002B1C23 /* smc.app */ = {isa = PBXFileReference; explicitFileType = wrapper.application; includeInIndex = 0; path = smc.app; sourceTree = BUILT_PRODUCTS_DIR; };
		4AFDB68C1D48A1A2002B1C23 /* AppDelegate.swift */ = {isa = PBXFileReference; lastKnownFileType = sourcecode.swift; path = AppDelegate.swift; sourceTree = "<group>"; };
		4AFDB68E1D48A1A2002B1C23 /* ViewController.swift */ = {isa = PBXFileReference; lastKnownFileType = sourcecode.swift; path = ViewController.swift; sourceTree = "<group>"; };
		4AFDB6911D48A1A2002B1C23 /* Base */ = {isa = PBXFileReference; lastKnownFileType = file.storyboard; name = Base; path = Base.lproj/Main.storyboard; sourceTree = "<group>"; };
		4AFDB6931D48A1A2002B1C23 /* Assets.xcassets */ = {isa = PBXFileReference; lastKnownFileType = folder.assetcatalog; path = Assets.xcassets; sourceTree = "<group>"; };
		4AFDB6961D48A1A2002B1C23 /* Base */ = {isa = PBXFileReference; lastKnownFileType = file.storyboard; name = Base; path = Base.lproj/LaunchScreen.storyboard; sourceTree = "<group>"; };
		4AFDB6981D48A1A2002B1C23 /* Info.plist */ = {isa = PBXFileReference; lastKnownFileType = text.plist.xml; path = Info.plist; sourceTree = "<group>"; };
		559D36A41D48B781009276EA /* test.swift */ = {isa = PBXFileReference; fileEncoding = 4; lastKnownFileType = sourcecode.swift; path = test.swift; sourceTree = "<group>"; };
		899CF2AC30D0D5391BC1805A /* Pods-smc.debug.xcconfig */ = {isa = PBXFileReference; includeInIndex = 1; lastKnownFileType = text.xcconfig; name = "Pods-smc.debug.xcconfig"; path = "Pods/Target Support Files/Pods-smc/Pods-smc.debug.xcconfig"; sourceTree = "<group>"; };
/* End PBXFileReference section */

/* Begin PBXFrameworksBuildPhase section */
		4AFDB6861D48A1A2002B1C23 /* Frameworks */ = {
			isa = PBXFrameworksBuildPhase;
			buildActionMask = 2147483647;
			files = (
				59C6D46E05CD06AD00F080E4 /* Pods_smc.framework in Frameworks */,
			);
			runOnlyForDeploymentPostprocessing = 0;
		};
/* End PBXFrameworksBuildPhase section */

/* Begin PBXGroup section */
		4AFDB6801D48A1A2002B1C23 = {
			isa = PBXGroup;
			children = (
				4AFDB68B1D48A1A2002B1C23 /* smc */,
				4AFDB68A1D48A1A2002B1C23 /* Products */,
				5A4FD48D34866C617BAD76D8 /* Pods */,
				E92614ECCA35AEA46D4F59A7 /* Frameworks */,
			);
			sourceTree = "<group>";
		};
		4AFDB68A1D48A1A2002B1C23 /* Products */ = {
			isa = PBXGroup;
			children = (
				4AFDB6891D48A1A2002B1C23 /* smc.app */,
			);
			name = Products;
			sourceTree = "<group>";
		};
		4AFDB68B1D48A1A2002B1C23 /* smc */ = {
			isa = PBXGroup;
			children = (
				4AFDB68C1D48A1A2002B1C23 /* AppDelegate.swift */,
				4AFDB68E1D48A1A2002B1C23 /* ViewController.swift */,
				4AEBEABD1D4B500F00465337 /* LoginViewController.swift */,
				4AFDB6901D48A1A2002B1C23 /* Main.storyboard */,
				4AFDB6931D48A1A2002B1C23 /* Assets.xcassets */,
				4AFDB6951D48A1A2002B1C23 /* LaunchScreen.storyboard */,
				4AFDB6981D48A1A2002B1C23 /* Info.plist */,
				559D36A41D48B781009276EA /* test.swift */,
			);
			path = smc;
			sourceTree = "<group>";
		};
		5A4FD48D34866C617BAD76D8 /* Pods */ = {
			isa = PBXGroup;
			children = (
				899CF2AC30D0D5391BC1805A /* Pods-smc.debug.xcconfig */,
				26DB52E09987A3C9BA9BBE4B /* Pods-smc.release.xcconfig */,
			);
			name = Pods;
			sourceTree = "<group>";
		};
		E92614ECCA35AEA46D4F59A7 /* Frameworks */ = {
			isa = PBXGroup;
			children = (
				089AC0BB6CC9A5AD6C9A619B /* Pods_smc.framework */,
			);
			name = Frameworks;
			sourceTree = "<group>";
		};
/* End PBXGroup section */

/* Begin PBXNativeTarget section */
		4AFDB6881D48A1A2002B1C23 /* smc */ = {
			isa = PBXNativeTarget;
			buildConfigurationList = 4AFDB69B1D48A1A2002B1C23 /* Build configuration list for PBXNativeTarget "smc" */;
			buildPhases = (
				54119011A95C438EAE0BEE0F /* [CP] Check Pods Manifest.lock */,
				4AFDB6851D48A1A2002B1C23 /* Sources */,
				4AFDB6861D48A1A2002B1C23 /* Frameworks */,
				4AFDB6871D48A1A2002B1C23 /* Resources */,
				03946F806AAA5CDD192401A3 /* [CP] Embed Pods Frameworks */,
				F28E18D8B368F2BCD58BFC3B /* [CP] Copy Pods Resources */,
			);
			buildRules = (
			);
			dependencies = (
			);
			name = smc;
			productName = smc;
			productReference = 4AFDB6891D48A1A2002B1C23 /* smc.app */;
			productType = "com.apple.product-type.application";
		};
/* End PBXNativeTarget section */

/* Begin PBXProject section */
		4AFDB6811D48A1A2002B1C23 /* Project object */ = {
			isa = PBXProject;
			attributes = {
				LastSwiftUpdateCheck = 0730;
				LastUpgradeCheck = 0730;
				ORGANIZATIONNAME = "曲艺";
				TargetAttributes = {
					4AFDB6881D48A1A2002B1C23 = {
						CreatedOnToolsVersion = 7.3.1;
					};
				};
			};
			buildConfigurationList = 4AFDB6841D48A1A2002B1C23 /* Build configuration list for PBXProject "smc" */;
			compatibilityVersion = "Xcode 3.2";
			developmentRegion = English;
			hasScannedForEncodings = 0;
			knownRegions = (
				en,
				Base,
			);
			mainGroup = 4AFDB6801D48A1A2002B1C23;
			productRefGroup = 4AFDB68A1D48A1A2002B1C23 /* Products */;
			projectDirPath = "";
			projectRoot = "";
			targets = (
				4AFDB6881D48A1A2002B1C23 /* smc */,
			);
		};
/* End PBXProject section */

/* Begin PBXResourcesBuildPhase section */
		4AFDB6871D48A1A2002B1C23 /* Resources */ = {
			isa = PBXResourcesBuildPhase;
			buildActionMask = 2147483647;
			files = (
				4AFDB6971D48A1A2002B1C23 /* LaunchScreen.storyboard in Resources */,
				4AFDB6941D48A1A2002B1C23 /* Assets.xcassets in Resources */,
				4AFDB6921D48A1A2002B1C23 /* Main.storyboard in Resources */,
			);
			runOnlyForDeploymentPostprocessing = 0;
		};
/* End PBXResourcesBuildPhase section */

/* Begin PBXShellScriptBuildPhase section */
		03946F806AAA5CDD192401A3 /* [CP] Embed Pods Frameworks */ = {
			isa = PBXShellScriptBuildPhase;
			buildActionMask = 2147483647;
			files = (
			);
			inputPaths = (
			);
			name = "[CP] Embed Pods Frameworks";
			outputPaths = (
			);
			runOnlyForDeploymentPostprocessing = 0;
			shellPath = /bin/sh;
			shellScript = "\"${SRCROOT}/Pods/Target Support Files/Pods-smc/Pods-smc-frameworks.sh\"\n";
			showEnvVarsInLog = 0;
		};
		54119011A95C438EAE0BEE0F /* [CP] Check Pods Manifest.lock */ = {
			isa = PBXShellScriptBuildPhase;
			buildActionMask = 2147483647;
			files = (
			);
			inputPaths = (
			);
			name = "[CP] Check Pods Manifest.lock";
			outputPaths = (
			);
			runOnlyForDeploymentPostprocessing = 0;
			shellPath = /bin/sh;
			shellScript = "diff \"${PODS_ROOT}/../Podfile.lock\" \"${PODS_ROOT}/Manifest.lock\" > /dev/null\nif [[ $? != 0 ]] ; then\n    cat << EOM\nerror: The sandbox is not in sync with the Podfile.lock. Run 'pod install' or update your CocoaPods installation.\nEOM\n    exit 1\nfi\n";
			showEnvVarsInLog = 0;
		};
		F28E18D8B368F2BCD58BFC3B /* [CP] Copy Pods Resources */ = {
			isa = PBXShellScriptBuildPhase;
			buildActionMask = 2147483647;
			files = (
			);
			inputPaths = (
			);
			name = "[CP] Copy Pods Resources";
			outputPaths = (
			);
			runOnlyForDeploymentPostprocessing = 0;
			shellPath = /bin/sh;
			shellScript = "\"${SRCROOT}/Pods/Target Support Files/Pods-smc/Pods-smc-resources.sh\"\n";
			showEnvVarsInLog = 0;
		};
/* End PBXShellScriptBuildPhase section */

/* Begin PBXSourcesBuildPhase section */
		4AFDB6851D48A1A2002B1C23 /* Sources */ = {
			isa = PBXSourcesBuildPhase;
			buildActionMask = 2147483647;
			files = (
				4AEBEABE1D4B500F00465337 /* LoginViewController.swift in Sources */,
				4AFDB68F1D48A1A2002B1C23 /* ViewController.swift in Sources */,
				559D36A51D48B781009276EA /* test.swift in Sources */,
				4AFDB68D1D48A1A2002B1C23 /* AppDelegate.swift in Sources */,
			);
			runOnlyForDeploymentPostprocessing = 0;
		};
/* End PBXSourcesBuildPhase section */

/* Begin PBXVariantGroup section */
		4AFDB6901D48A1A2002B1C23 /* Main.storyboard */ = {
			isa = PBXVariantGroup;
			children = (
				4AFDB6911D48A1A2002B1C23 /* Base */,
			);
			name = Main.storyboard;
			sourceTree = "<group>";
		};
		4AFDB6951D48A1A2002B1C23 /* LaunchScreen.storyboard */ = {
			isa = PBXVariantGroup;
			children = (
				4AFDB6961D48A1A2002B1C23 /* Base */,
			);
			name = LaunchScreen.storyboard;
			sourceTree = "<group>";
		};
/* End PBXVariantGroup section */

/* Begin XCBuildConfiguration section */
		4AFDB6991D48A1A2002B1C23 /* Debug */ = {
			isa = XCBuildConfiguration;
			buildSettings = {
				ALWAYS_SEARCH_USER_PATHS = NO;
				CLANG_ANALYZER_NONNULL = YES;
				CLANG_CXX_LANGUAGE_STANDARD = "gnu++0x";
				CLANG_CXX_LIBRARY = "libc++";
				CLANG_ENABLE_MODULES = YES;
				CLANG_ENABLE_OBJC_ARC = YES;
				CLANG_WARN_BOOL_CONVERSION = YES;
				CLANG_WARN_CONSTANT_CONVERSION = YES;
				CLANG_WARN_DIRECT_OBJC_ISA_USAGE = YES_ERROR;
				CLANG_WARN_EMPTY_BODY = YES;
				CLANG_WARN_ENUM_CONVERSION = YES;
				CLANG_WARN_INT_CONVERSION = YES;
				CLANG_WARN_OBJC_ROOT_CLASS = YES_ERROR;
				CLANG_WARN_UNREACHABLE_CODE = YES;
				CLANG_WARN__DUPLICATE_METHOD_MATCH = YES;
				"CODE_SIGN_IDENTITY[sdk=iphoneos*]" = "iPhone Developer";
				COPY_PHASE_STRIP = NO;
				DEBUG_INFORMATION_FORMAT = dwarf;
				ENABLE_STRICT_OBJC_MSGSEND = YES;
				ENABLE_TESTABILITY = YES;
				GCC_C_LANGUAGE_STANDARD = gnu99;
				GCC_DYNAMIC_NO_PIC = NO;
				GCC_NO_COMMON_BLOCKS = YES;
				GCC_OPTIMIZATION_LEVEL = 0;
				GCC_PREPROCESSOR_DEFINITIONS = (
					"DEBUG=1",
					"$(inherited)",
				);
				GCC_WARN_64_TO_32_BIT_CONVERSION = YES;
				GCC_WARN_ABOUT_RETURN_TYPE = YES_ERROR;
				GCC_WARN_UNDECLARED_SELECTOR = YES;
				GCC_WARN_UNINITIALIZED_AUTOS = YES_AGGRESSIVE;
				GCC_WARN_UNUSED_FUNCTION = YES;
				GCC_WARN_UNUSED_VARIABLE = YES;
				IPHONEOS_DEPLOYMENT_TARGET = 9.3;
				MTL_ENABLE_DEBUG_INFO = YES;
				ONLY_ACTIVE_ARCH = YES;
				SDKROOT = iphoneos;
				SWIFT_OPTIMIZATION_LEVEL = "-Onone";
			};
			name = Debug;
		};
		4AFDB69A1D48A1A2002B1C23 /* Release */ = {
			isa = XCBuildConfiguration;
			buildSettings = {
				ALWAYS_SEARCH_USER_PATHS = NO;
				CLANG_ANALYZER_NONNULL = YES;
				CLANG_CXX_LANGUAGE_STANDARD = "gnu++0x";
				CLANG_CXX_LIBRARY = "libc++";
				CLANG_ENABLE_MODULES = YES;
				CLANG_ENABLE_OBJC_ARC = YES;
				CLANG_WARN_BOOL_CONVERSION = YES;
				CLANG_WARN_CONSTANT_CONVERSION = YES;
				CLANG_WARN_DIRECT_OBJC_ISA_USAGE = YES_ERROR;
				CLANG_WARN_EMPTY_BODY = YES;
				CLANG_WARN_ENUM_CONVERSION = YES;
				CLANG_WARN_INT_CONVERSION = YES;
				CLANG_WARN_OBJC_ROOT_CLASS = YES_ERROR;
				CLANG_WARN_UNREACHABLE_CODE = YES;
				CLANG_WARN__DUPLICATE_METHOD_MATCH = YES;
				"CODE_SIGN_IDENTITY[sdk=iphoneos*]" = "iPhone Developer";
				COPY_PHASE_STRIP = NO;
				DEBUG_INFORMATION_FORMAT = "dwarf-with-dsym";
				ENABLE_NS_ASSERTIONS = NO;
				ENABLE_STRICT_OBJC_MSGSEND = YES;
				GCC_C_LANGUAGE_STANDARD = gnu99;
				GCC_NO_COMMON_BLOCKS = YES;
				GCC_WARN_64_TO_32_BIT_CONVERSION = YES;
				GCC_WARN_ABOUT_RETURN_TYPE = YES_ERROR;
				GCC_WARN_UNDECLARED_SELECTOR = YES;
				GCC_WARN_UNINITIALIZED_AUTOS = YES_AGGRESSIVE;
				GCC_WARN_UNUSED_FUNCTION = YES;
				GCC_WARN_UNUSED_VARIABLE = YES;
				IPHONEOS_DEPLOYMENT_TARGET = 9.3;
				MTL_ENABLE_DEBUG_INFO = NO;
				SDKROOT = iphoneos;
				VALIDATE_PRODUCT = YES;
			};
			name = Release;
		};
		4AFDB69C1D48A1A2002B1C23 /* Debug */ = {
			isa = XCBuildConfiguration;
			baseConfigurationReference = 899CF2AC30D0D5391BC1805A /* Pods-smc.debug.xcconfig */;
			buildSettings = {
				ASSETCATALOG_COMPILER_APPICON_NAME = AppIcon;
				INFOPLIST_FILE = smc/Info.plist;
				LD_RUNPATH_SEARCH_PATHS = "$(inherited) @executable_path/Frameworks";
				PRODUCT_BUNDLE_IDENTIFIER = newxyz.smc;
				PRODUCT_NAME = "$(TARGET_NAME)";
			};
			name = Debug;
		};
		4AFDB69D1D48A1A2002B1C23 /* Release */ = {
			isa = XCBuildConfiguration;
			baseConfigurationReference = 26DB52E09987A3C9BA9BBE4B /* Pods-smc.release.xcconfig */;
			buildSettings = {
				ASSETCATALOG_COMPILER_APPICON_NAME = AppIcon;
				INFOPLIST_FILE = smc/Info.plist;
				LD_RUNPATH_SEARCH_PATHS = "$(inherited) @executable_path/Frameworks";
				PRODUCT_BUNDLE_IDENTIFIER = newxyz.smc;
				PRODUCT_NAME = "$(TARGET_NAME)";
			};
			name = Release;
		};
/* End XCBuildConfiguration section */

/* Begin XCConfigurationList section */
		4AFDB6841D48A1A2002B1C23 /* Build configuration list for PBXProject "smc" */ = {
			isa = XCConfigurationList;
			buildConfigurations = (
				4AFDB6991D48A1A2002B1C23 /* Debug */,
				4AFDB69A1D48A1A2002B1C23 /* Release */,
			);
			defaultConfigurationIsVisible = 0;
			defaultConfigurationName = Release;
		};
		4AFDB69B1D48A1A2002B1C23 /* Build configuration list for PBXNativeTarget "smc" */ = {
			isa = XCConfigurationList;
			buildConfigurations = (
				4AFDB69C1D48A1A2002B1C23 /* Debug */,
				4AFDB69D1D48A1A2002B1C23 /* Release */,
			);
			defaultConfigurationIsVisible = 0;
			defaultConfigurationName = Release;
		};
/* End XCConfigurationList section */
	};
	rootObject = 4AFDB6811D48A1A2002B1C23 /* Project object */;
}
